
Microsoft Visual Studio Solution File, Format Version 12.00
# Visual Studio Version 16
VisualStudioVersion = 16.0.32106.194
MinimumVisualStudioVersion = 10.0.40219.1
Project("{FAE04EC0-301F-11D3-BF4B-00C04F79EFBC}") = "SummatorOfNumbersApp", "SummatorOfNumbersApp\SummatorOfNumbersApp.csproj", "{FDD077BB-2A30-4561-AE14-BE6BD9821421}"
EndProject
Global
	GlobalSection(SolutionConfigurationPlatforms) = preSolution
		Debug|Any CPU = Debug|Any CPU
		Release|Any CPU = Release|Any CPU
	EndGlobalSection
	GlobalSection(ProjectConfigurationPlatforms) = postSolution
		{FDD077BB-2A30-4561-AE14-BE6BD9821421}.Debug|Any CPU.ActiveCfg = Debug|Any CPU
		{FDD077BB-2A30-4561-AE14-BE6BD9821421}.Debug|Any CPU.Build.0 = Debug|Any CPU
		{FDD077BB-2A30-4561-AE14-BE6BD9821421}.Release|Any CPU.ActiveCfg = Release|Any CPU
		{FDD077BB-2A30-4561-AE14-BE6BD9821421}.Release|Any CPU.Build.0 = Release|Any CPU
	EndGlobalSection
	GlobalSection(SolutionProperties) = preSolution
		HideSolutionNode = FALSE
	EndGlobalSection
	GlobalSection(ExtensibilityGlobals) = postSolution
		SolutionGuid = {8C2DA1E7-7274-42EA-9D80-6B1C00C936D4}
	EndGlobalSection
EndGlobal
